Microsoft Visual Studio Solution File, Format Version 12.00
# Visual Studio 15
VisualStudioVersion = 15.0.26430.16
MinimumVisualStudioVersion = 10.0.40219.1
Project("{FAE04EC0-301F-11D3-BF4B-00C04F79EFBC}") = "GameEngine", "GameEngine\GameEngine.csproj", "{124CCC81-CA7D-4108-8064-61BDA03E954B}"
EndProject
Project("{FAE04EC0-301F-11D3-BF4B-00C04F79EFBC}") = "GameEngine.Tests", "GameEngine.Tests\GameEngine.Tests.csproj", "{6EA823D0-6221-4793-91C1-33F7EEF52F32}"
EndProject
Global
	GlobalSection(SolutionConfigurationPlatforms) = preSolution
		Debug|Any CPU = Debug|Any CPU
		Debug|x64 = Debug|x64
		Debug|x86 = Debug|x86
		Release|Any CPU = Release|Any CPU
		Release|x64 = Release|x64
		Release|x86 = Release|x86
	EndGlobalSection
	GlobalSection(ProjectConfigurationPlatforms) = postSolution
		{124CCC81-CA7D-4108-8064-61BDA03E954B}.Debug|Any CPU.ActiveCfg = Debug|Any CPU
		{124CCC81-CA7D-4108-8064-61BDA03E954B}.Debug|Any CPU.Build.0 = Debug|Any CPU
		{124CCC81-CA7D-4108-8064-61BDA03E954B}.Debug|x64.ActiveCfg = Debug|Any CPU
		{124CCC81-CA7D-4108-8064-61BDA03E954B}.Debug|x64.Build.0 = Debug|Any CPU
		{124CCC81-CA7D-4108-8064-61BDA03E954B}.Debug|x86.ActiveCfg = Debug|Any CPU
		{124CCC81-CA7D-4108-8064-61BDA03E954B}.Debug|x86.Build.0 = Debug|Any CPU
		{124CCC81-CA7D-4108-8064-61BDA03E954B}.Release|Any CPU.ActiveCfg = Release|Any CPU
		{124CCC81-CA7D-4108-8064-61BDA03E954B}.Release|Any CPU.Build.0 = Release|Any CPU
		{124CCC81-CA7D-4108-8064-61BDA03E954B}.Release|x64.ActiveCfg = Release|Any CPU
		{124CCC81-CA7D-4108-8064-61BDA03E954B}.Release|x64.Build.0 = Release|Any CPU
		{124CCC81-CA7D-4108-8064-61BDA03E954B}.Release|x86.ActiveCfg = Release|Any CPU
		{124CCC81-CA7D-4108-8064-61BDA03E954B}.Release|x86.Build.0 = Release|Any CPU
		{6EA823D0-6221-4793-91C1-33F7EEF52F32}.Debug|Any CPU.ActiveCfg = Debug|Any CPU
		{6EA823D0-6221-4793-91C1-33F7EEF52F32}.Debug|Any CPU.Build.0 = Debug|Any CPU
		{6EA823D0-6221-4793-91C1-33F7EEF52F32}.Debug|x64.ActiveCfg = Debug|Any CPU
		{6EA823D0-6221-4793-91C1-33F7EEF52F32}.Debug|x64.Build.0 = Debug|Any CPU
		{6EA823D0-6221-4793-91C1-33F7EEF52F32}.Debug|x86.ActiveCfg = Debug|Any CPU
		{6EA823D0-6221-4793-91C1-33F7EEF52F32}.Debug|x86.Build.0 = Debug|Any CPU
		{6EA823D0-6221-4793-91C1-33F7EEF52F32}.Release|Any CPU.ActiveCfg = Release|Any CPU
		{6EA823D0-6221-4793-91C1-33F7EEF52F32}.Release|Any CPU.Build.0 = Release|Any CPU
		{6EA823D0-6221-4793-91C1-33F7EEF52F32}.Release|x64.ActiveCfg = Release|Any CPU
		{6EA823D0-6221-4793-91C1-33F7EEF52F32}.Release|x64.Build.0 = Release|Any CPU
		{6EA823D0-6221-4793-91C1-33F7EEF52F32}.Release|x86.ActiveCfg = Release|Any CPU
		{6EA823D0-6221-4793-91C1-33F7EEF52F32}.Release|x86.Build.0 = Release|Any CPU
	EndGlobalSection
	GlobalSection(SolutionProperties) = preSolution
		HideSolutionNode = FALSE
	EndGlobalSection
EndGlobal
